version = 1
requires-python = ">=3.11"

[[package]]
name = "fsspec"
version = "2024.3.1"
source = { registry = "https://pypi.org/simple" }
sdist = { url = "https://files.pythonhosted.org/packages/8b/b8/e3ba21f03c00c27adc9a8cd1cab8adfb37b6024757133924a9a4eab63a83/fsspec-2024.3.1.tar.gz", hash = "sha256:f39780e282d7d117ffb42bb96992f8a90795e4d0fb0f661a70ca39fe9c43ded9", size = 170742 }
wheels = [
    { url = "https://files.pythonhosted.org/packages/93/6d/66d48b03460768f523da62a57a7e14e5e95fdf339d79e996ce3cecda2cdb/fsspec-2024.3.1-py3-none-any.whl", hash = "sha256:918d18d41bf73f0e2b261824baeb1b124bcf771767e3a26425cd7dec3332f512", size = 171991 },
]

[[package]]
name = "fsspec-bz2"
version = "0.1.0"
source = { virtual = "." }
dependencies = [
    { name = "fsspec" },
]

[package.metadata]
requires-dist = [{ name = "fsspec", specifier = "==2024.3.1" }]
